# @generated by Move, please check-in and do not edit manually.

[move]
version = 0
manifest_digest = "CBB04475090297FE72536C6CC23847FCCBF675E8AD74D1D10AE4AF864C194862"
deps_digest = "52B406A7A21811BEF51751CF88DA0E76DAEFFEAC888D4F4060B1A72BBE7D8D35"

dependencies = [
  { name = "MoveStdlib" },
  { name = "Pyth" },
  { name = "Sui" },
  { name = "SuiTears" },
  { name = "SwitchboardStdLib" },
  { name = "Wormhole" },
]

[[move.package]]
name = "MoveStdlib"
source = { git = "https://github.com/MystenLabs/sui.git", rev = "framework/testnet", subdir = "crates/sui-framework/packages/move-stdlib" }

[[move.package]]
name = "Pyth"
source = { local = "../dependencies/pyth" }

dependencies = [
  { name = "MoveStdlib" },
  { name = "Sui" },
  { name = "Wormhole" },
]

[[move.package]]
name = "Sui"
source = { git = "https://github.com/MystenLabs/sui.git", rev = "framework/testnet", subdir = "crates/sui-framework/packages/sui-framework" }

dependencies = [
  { name = "MoveStdlib" },
]

[[move.package]]
name = "SuiTears"
source = { git = "https://github.com/interest-protocol/suitears.git", rev = "testnet", subdir = "contracts" }

dependencies = [
  { name = "MoveStdlib" },
  { name = "Sui" },
]

[[move.package]]
name = "SwitchboardStdLib"
source = { git = "https://github.com/switchboard-xyz/sbv2-sui.git", rev = "main", subdir = "move/testnet/switchboard_std/" }

dependencies = [
  { name = "MoveStdlib" },
  { name = "Sui" },
]

[[move.package]]
name = "Wormhole"
source = { local = "../dependencies/wormhole" }

dependencies = [
  { name = "MoveStdlib" },
  { name = "Sui" },
]
