# @generated by Move, please check-in and do not edit manually.

[move]
version = 0
manifest_digest = "B52B14516285DC1D43B327DD8C1ECA953E1BF34B893F81D443E5A28B6D4712E4"
deps_digest = "52B406A7A21811BEF51751CF88DA0E76DAEFFEAC888D4F4060B1A72BBE7D8D35"

dependencies = [
  { name = "MoveStdlib" },
  { name = "Pyth" },
  { name = "Sui" },
  { name = "SuiTears" },
  { name = "SwitchboardStdLib" },
  { name = "Wormhole" },
]

[[move.package]]
name = "MoveStdlib"
source = { git = "https://github.com/MystenLabs/sui.git", rev = "framework/testnet", subdir = "crates/sui-framework/packages/move-stdlib" }

[[move.package]]
name = "Pyth"
source = { local = "../dependencies/pyth" }

dependencies = [
  { name = "Sui" },
  { name = "Wormhole" },
]

[[move.package]]
name = "Sui"
source = { git = "https://github.com/MystenLabs/sui.git", rev = "framework/testnet", subdir = "crates/sui-framework/packages/sui-framework" }

dependencies = [
  { name = "MoveStdlib" },
]

[[move.package]]
name = "SuiTears"
source = { git = "https://github.com/interest-protocol/suitears.git", rev = "testnet", subdir = "contracts" }

dependencies = [
  { name = "MoveStdlib" },
  { name = "Sui" },
]

[[move.package]]
name = "SwitchboardStdLib"
source = { git = "https://github.com/switchboard-xyz/sbv2-sui.git", rev = "main", subdir = "move/testnet/switchboard_std/" }

dependencies = [
  { name = "MoveStdlib" },
  { name = "Sui" },
]

[[move.package]]
name = "Wormhole"
source = { git = "https://github.com/wormhole-foundation/wormhole.git", rev = "d050ad1d67a5b7da9fb65030aad12ef5d774ccad", subdir = "sui/wormhole" }

dependencies = [
  { name = "Sui" },
]

[move.toolchain-version]
compiler-version = "1.18.0"
edition = "legacy"
flavor = "sui"
